{
  "requires": true,
  "lockfileVersion": 1,
  "dependencies": {
    "eventemitter3": {
      "version": "0.1.6",
      "resolved": "https://registry.npmjs.org/eventemitter3/-/eventemitter3-0.1.6.tgz",
      "integrity": "sha1-jHrES4e6q1XNUMgo3Dh3jqwFLqU="
    },
    "jquery": {
      "version": "3.2.1",
      "resolved": "https://registry.npmjs.org/jquery/-/jquery-3.2.1.tgz",
      "integrity": "sha1-XE2d5lKvbNCncBVKYxu6ErAVx4c="
    },
    "js-binarypack": {
      "version": "0.0.9",
      "resolved": "https://registry.npmjs.org/js-binarypack/-/js-binarypack-0.0.9.tgz",
      "integrity": "sha1-RUJD094hKWHMFRSi8Rnewvr2QDU="
    },
    "peerjs": {
      "version": "0.3.14",
      "resolved": "https://registry.npmjs.org/peerjs/-/peerjs-0.3.14.tgz",
      "integrity": "sha1-X5NOsJoEziN6R9UvR2bJNz2iUR4=",
      "requires": {
        "eventemitter3": "0.1.6",
        "js-binarypack": "0.0.9",
        "reliable": "git+https://github.com/michelle/reliable.git#f09ba29d57a05beaa07990171f3fe7b746587aaa"
      }
    },
    "reliable": {
      "version": "git+https://github.com/michelle/reliable.git#f09ba29d57a05beaa07990171f3fe7b746587aaa",
      "requires": {
        "js-binarypack": "0.0.9"
      }
    }
  }
}
